// !$*UTF8*$!
{
	archiveVersion = 1;
	classes = {
	};
	objectVersion = 50;
	objects = {

/* Begin PBXBuildFile section */
		08CF83025662A1F7C47CE4D1 /* Pods_HelpAssistantUITests.framework in Frameworks */ = {isa = PBXBuildFile; fileRef = 56CB6604F74B3CD004A076CB /* Pods_HelpAssistantUITests.framework */; };
		54B5C735E306ACEBA2A2D907 /* Pods_HelpAssistant.framework in Frameworks */ = {isa = PBXBuildFile; fileRef = D15F53547D12FF1EAD2B202D /* Pods_HelpAssistant.framework */; };
		7B71C2D42220495700F96B76 /* AVFoundation.framework in Frameworks */ = {isa = PBXBuildFile; fileRef = 7B71C2D32220495700F96B76 /* AVFoundation.framework */; };
		7B71C2D622252BF500F96B76 /* InstructionModel.swift in Sources */ = {isa = PBXBuildFile; fileRef = 7B71C2D522252BF500F96B76 /* InstructionModel.swift */; };
		7B71C2D822252E8F00F96B76 /* InstructionsBank.swift in Sources */ = {isa = PBXBuildFile; fileRef = 7B71C2D722252E8F00F96B76 /* InstructionsBank.swift */; };
		7E475DE52CF511AF1B4FBE56 /* Pods_HelpAssistantTests.framework in Frameworks */ = {isa = PBXBuildFile; fileRef = 6D2447FE31E4AF0E84966DFB /* Pods_HelpAssistantTests.framework */; };
		EB270C66222044DE0084169A /* TalkViewController.swift in Sources */ = {isa = PBXBuildFile; fileRef = EB270C65222044DE0084169A /* TalkViewController.swift */; };
		EB270CAD2226AF270084169A /* StartViewController.swift in Sources */ = {isa = PBXBuildFile; fileRef = EB270CAC2226AF270084169A /* StartViewController.swift */; };
		EB434D83222034750002153F /* AppDelegate.swift in Sources */ = {isa = PBXBuildFile; fileRef = EB434D82222034750002153F /* AppDelegate.swift */; };
		EB434D88222034750002153F /* Main.storyboard in Resources */ = {isa = PBXBuildFile; fileRef = EB434D86222034750002153F /* Main.storyboard */; };
		EB434D8A222034760002153F /* Assets.xcassets in Resources */ = {isa = PBXBuildFile; fileRef = EB434D89222034760002153F /* Assets.xcassets */; };
		EB434D8D222034760002153F /* LaunchScreen.storyboard in Resources */ = {isa = PBXBuildFile; fileRef = EB434D8B222034760002153F /* LaunchScreen.storyboard */; };
		EB434D98222034760002153F /* HelpAssistantTests.swift in Sources */ = {isa = PBXBuildFile; fileRef = EB434D97222034760002153F /* HelpAssistantTests.swift */; };
		EB434DA3222034760002153F /* HelpAssistantUITests.swift in Sources */ = {isa = PBXBuildFile; fileRef = EB434DA2222034760002153F /* HelpAssistantUITests.swift */; };
/* End PBXBuildFile section */

/* Begin PBXContainerItemProxy section */
		EB434D94222034760002153F /* PBXContainerItemProxy */ = {
			isa = PBXContainerItemProxy;
			containerPortal = EB434D77222034750002153F /* Project object */;
			proxyType = 1;
			remoteGlobalIDString = EB434D7E222034750002153F;
			remoteInfo = HelpAssistant;
		};
		EB434D9F222034760002153F /* PBXContainerItemProxy */ = {
			isa = PBXContainerItemProxy;
			containerPortal = EB434D77222034750002153F /* Project object */;
			proxyType = 1;
			remoteGlobalIDString = EB434D7E222034750002153F;
			remoteInfo = HelpAssistant;
		};
/* End PBXContainerItemProxy section */

/* Begin PBXFileReference section */
		00EAEB57D00C9A376AAAF657 /* Pods-HelpAssistant.debug.xcconfig */ = {isa = PBXFileReference; includeInIndex = 1; lastKnownFileType = text.xcconfig; name = "Pods-HelpAssistant.debug.xcconfig"; path = "Target Support Files/Pods-HelpAssistant/Pods-HelpAssistant.debug.xcconfig"; sourceTree = "<group>"; };
		11C33DA4D7B0B260CBA97DAE /* Pods-HelpAssistantTests.debug.xcconfig */ = {isa = PBXFileReference; includeInIndex = 1; lastKnownFileType = text.xcconfig; name = "Pods-HelpAssistantTests.debug.xcconfig"; path = "Target Support Files/Pods-HelpAssistantTests/Pods-HelpAssistantTests.debug.xcconfig"; sourceTree = "<group>"; };
		56CB6604F74B3CD004A076CB /* Pods_HelpAssistantUITests.framework */ = {isa = PBXFileReference; explicitFileType = wrapper.framework; includeInIndex = 0; path = Pods_HelpAssistantUITests.framework; sourceTree = BUILT_PRODUCTS_DIR; };
		6D2447FE31E4AF0E84966DFB /* Pods_HelpAssistantTests.framework */ = {isa = PBXFileReference; explicitFileType = wrapper.framework; includeInIndex = 0; path = Pods_HelpAssistantTests.framework; sourceTree = BUILT_PRODUCTS_DIR; };
		759B1B95709E6895A7D343D3 /* Pods-HelpAssistant.release.xcconfig */ = {isa = PBXFileReference; includeInIndex = 1; lastKnownFileType = text.xcconfig; name = "Pods-HelpAssistant.release.xcconfig"; path = "Target Support Files/Pods-HelpAssistant/Pods-HelpAssistant.release.xcconfig"; sourceTree = "<group>"; };
		7B71C2D32220495700F96B76 /* AVFoundation.framework */ = {isa = PBXFileReference; lastKnownFileType = wrapper.framework; name = AVFoundation.framework; path = System/Library/Frameworks/AVFoundation.framework; sourceTree = SDKROOT; };
		7B71C2D522252BF500F96B76 /* InstructionModel.swift */ = {isa = PBXFileReference; lastKnownFileType = sourcecode.swift; path = InstructionModel.swift; sourceTree = "<group>"; };
		7B71C2D722252E8F00F96B76 /* InstructionsBank.swift */ = {isa = PBXFileReference; lastKnownFileType = sourcecode.swift; path = InstructionsBank.swift; sourceTree = "<group>"; };
		86DE0AB4FBB3BD513040453B /* Pods-HelpAssistantUITests.release.xcconfig */ = {isa = PBXFileReference; includeInIndex = 1; lastKnownFileType = text.xcconfig; name = "Pods-HelpAssistantUITests.release.xcconfig"; path = "Target Support Files/Pods-HelpAssistantUITests/Pods-HelpAssistantUITests.release.xcconfig"; sourceTree = "<group>"; };
		D15F53547D12FF1EAD2B202D /* Pods_HelpAssistant.framework */ = {isa = PBXFileReference; explicitFileType = wrapper.framework; includeInIndex = 0; path = Pods_HelpAssistant.framework; sourceTree = BUILT_PRODUCTS_DIR; };
		E4E8C1D45564F9A953AA924B /* Pods-HelpAssistantUITests.debug.xcconfig */ = {isa = PBXFileReference; includeInIndex = 1; lastKnownFileType = text.xcconfig; name = "Pods-HelpAssistantUITests.debug.xcconfig"; path = "Target Support Files/Pods-HelpAssistantUITests/Pods-HelpAssistantUITests.debug.xcconfig"; sourceTree = "<group>"; };
		EB270C65222044DE0084169A /* TalkViewController.swift */ = {isa = PBXFileReference; lastKnownFileType = sourcecode.swift; path = TalkViewController.swift; sourceTree = "<group>"; };
		EB270CAC2226AF270084169A /* StartViewController.swift */ = {isa = PBXFileReference; lastKnownFileType = sourcecode.swift; path = StartViewController.swift; sourceTree = "<group>"; };
		EB434D7F222034750002153F /* HelpAssistant.app */ = {isa = PBXFileReference; explicitFileType = wrapper.application; includeInIndex = 0; path = HelpAssistant.app; sourceTree = BUILT_PRODUCTS_DIR; };
		EB434D82222034750002153F /* AppDelegate.swift */ = {isa = PBXFileReference; lastKnownFileType = sourcecode.swift; path = AppDelegate.swift; sourceTree = "<group>"; };
		EB434D87222034750002153F /* Base */ = {isa = PBXFileReference; lastKnownFileType = file.storyboard; name = Base; path = Base.lproj/Main.storyboard; sourceTree = "<group>"; };
		EB434D89222034760002153F /* Assets.xcassets */ = {isa = PBXFileReference; lastKnownFileType = folder.assetcatalog; path = Assets.xcassets; sourceTree = "<group>"; };
		EB434D8C222034760002153F /* Base */ = {isa = PBXFileReference; lastKnownFileType = file.storyboard; name = Base; path = Base.lproj/LaunchScreen.storyboard; sourceTree = "<group>"; };
		EB434D8E222034760002153F /* Info.plist */ = {isa = PBXFileReference; lastKnownFileType = text.plist.xml; path = Info.plist; sourceTree = "<group>"; };
		EB434D93222034760002153F /* HelpAssistantTests.xctest */ = {isa = PBXFileReference; explicitFileType = wrapper.cfbundle; includeInIndex = 0; path = HelpAssistantTests.xctest; sourceTree = BUILT_PRODUCTS_DIR; };
		EB434D97222034760002153F /* HelpAssistantTests.swift */ = {isa = PBXFileReference; lastKnownFileType = sourcecode.swift; path = HelpAssistantTests.swift; sourceTree = "<group>"; };
		EB434D99222034760002153F /* Info.plist */ = {isa = PBXFileReference; lastKnownFileType = text.plist.xml; path = Info.plist; sourceTree = "<group>"; };
		EB434D9E222034760002153F /* HelpAssistantUITests.xctest */ = {isa = PBXFileReference; explicitFileType = wrapper.cfbundle; includeInIndex = 0; path = HelpAssistantUITests.xctest; sourceTree = BUILT_PRODUCTS_DIR; };
		EB434DA2222034760002153F /* HelpAssistantUITests.swift */ = {isa = PBXFileReference; lastKnownFileType = sourcecode.swift; path = HelpAssistantUITests.swift; sourceTree = "<group>"; };
		EB434DA4222034760002153F /* Info.plist */ = {isa = PBXFileReference; lastKnownFileType = text.plist.xml; path = Info.plist; sourceTree = "<group>"; };
		F60F1430EDF3CC54B04F006C /* Pods-HelpAssistantTests.release.xcconfig */ = {isa = PBXFileReference; includeInIndex = 1; lastKnownFileType = text.xcconfig; name = "Pods-HelpAssistantTests.release.xcconfig"; path = "Target Support Files/Pods-HelpAssistantTests/Pods-HelpAssistantTests.release.xcconfig"; sourceTree = "<group>"; };
/* End PBXFileReference section */

/* Begin PBXFrameworksBuildPhase section */
		EB434D7C222034750002153F /* Frameworks */ = {
			isa = PBXFrameworksBuildPhase;
			buildActionMask = 2147483647;
			files = (
				7B71C2D42220495700F96B76 /* AVFoundation.framework in Frameworks */,
				54B5C735E306ACEBA2A2D907 /* Pods_HelpAssistant.framework in Frameworks */,
			);
			runOnlyForDeploymentPostprocessing = 0;
		};
		EB434D90222034760002153F /* Frameworks */ = {
			isa = PBXFrameworksBuildPhase;
			buildActionMask = 2147483647;
			files = (
				7E475DE52CF511AF1B4FBE56 /* Pods_HelpAssistantTests.framework in Frameworks */,
			);
			runOnlyForDeploymentPostprocessing = 0;
		};
		EB434D9B222034760002153F /* Frameworks */ = {
			isa = PBXFrameworksBuildPhase;
			buildActionMask = 2147483647;
			files = (
				08CF83025662A1F7C47CE4D1 /* Pods_HelpAssistantUITests.framework in Frameworks */,
			);
			runOnlyForDeploymentPostprocessing = 0;
		};
/* End PBXFrameworksBuildPhase section */

/* Begin PBXGroup section */
		24811780447A9E1EFE40A6BD /* Pods */ = {
			isa = PBXGroup;
			children = (
				00EAEB57D00C9A376AAAF657 /* Pods-HelpAssistant.debug.xcconfig */,
				759B1B95709E6895A7D343D3 /* Pods-HelpAssistant.release.xcconfig */,
				11C33DA4D7B0B260CBA97DAE /* Pods-HelpAssistantTests.debug.xcconfig */,
				F60F1430EDF3CC54B04F006C /* Pods-HelpAssistantTests.release.xcconfig */,
				E4E8C1D45564F9A953AA924B /* Pods-HelpAssistantUITests.debug.xcconfig */,
				86DE0AB4FBB3BD513040453B /* Pods-HelpAssistantUITests.release.xcconfig */,
			);
			path = Pods;
			sourceTree = "<group>";
		};
		7B71C2D22220495700F96B76 /* Frameworks */ = {
			isa = PBXGroup;
			children = (
				7B71C2D32220495700F96B76 /* AVFoundation.framework */,
				D15F53547D12FF1EAD2B202D /* Pods_HelpAssistant.framework */,
				6D2447FE31E4AF0E84966DFB /* Pods_HelpAssistantTests.framework */,
				56CB6604F74B3CD004A076CB /* Pods_HelpAssistantUITests.framework */,
			);
			name = Frameworks;
			sourceTree = "<group>";
		};
		7B71C2D9222554C300F96B76 /* Model */ = {
			isa = PBXGroup;
			children = (
				7B71C2D722252E8F00F96B76 /* InstructionsBank.swift */,
				7B71C2D522252BF500F96B76 /* InstructionModel.swift */,
			);
			path = Model;
			sourceTree = "<group>";
		};
		EB434D76222034750002153F = {
			isa = PBXGroup;
			children = (
				EB434D81222034750002153F /* HelpAssistant */,
				EB434D96222034760002153F /* HelpAssistantTests */,
				EB434DA1222034760002153F /* HelpAssistantUITests */,
				EB434D80222034750002153F /* Products */,
				7B71C2D22220495700F96B76 /* Frameworks */,
				24811780447A9E1EFE40A6BD /* Pods */,
			);
			sourceTree = "<group>";
		};
		EB434D80222034750002153F /* Products */ = {
			isa = PBXGroup;
			children = (
				EB434D7F222034750002153F /* HelpAssistant.app */,
				EB434D93222034760002153F /* HelpAssistantTests.xctest */,
				EB434D9E222034760002153F /* HelpAssistantUITests.xctest */,
			);
			name = Products;
			sourceTree = "<group>";
		};
		EB434D81222034750002153F /* HelpAssistant */ = {
			isa = PBXGroup;
			children = (
				7B71C2D9222554C300F96B76 /* Model */,
				EB434D82222034750002153F /* AppDelegate.swift */,
				EB270C65222044DE0084169A /* TalkViewController.swift */,
				EB434D86222034750002153F /* Main.storyboard */,
				EB434D89222034760002153F /* Assets.xcassets */,
				EB434D8B222034760002153F /* LaunchScreen.storyboard */,
				EB434D8E222034760002153F /* Info.plist */,
				EB270CAC2226AF270084169A /* StartViewController.swift */,
			);
			path = HelpAssistant;
			sourceTree = "<group>";
		};
		EB434D96222034760002153F /* HelpAssistantTests */ = {
			isa = PBXGroup;
			children = (
				EB434D97222034760002153F /* HelpAssistantTests.swift */,
				EB434D99222034760002153F /* Info.plist */,
			);
			path = HelpAssistantTests;
			sourceTree = "<group>";
		};
		EB434DA1222034760002153F /* HelpAssistantUITests */ = {
			isa = PBXGroup;
			children = (
				EB434DA2222034760002153F /* HelpAssistantUITests.swift */,
				EB434DA4222034760002153F /* Info.plist */,
			);
			path = HelpAssistantUITests;
			sourceTree = "<group>";
		};
/* End PBXGroup section */

/* Begin PBXNativeTarget section */
		EB434D7E222034750002153F /* HelpAssistant */ = {
			isa = PBXNativeTarget;
			buildConfigurationList = EB434DA7222034760002153F /* Build configuration list for PBXNativeTarget "HelpAssistant" */;
			buildPhases = (
				B7F3FC23E1C38236684258D9 /* [CP] Check Pods Manifest.lock */,
				EB434D7B222034750002153F /* Sources */,
				EB434D7C222034750002153F /* Frameworks */,
				EB434D7D222034750002153F /* Resources */,
				37BA5A79F4898E5C301DECCE /* [CP] Embed Pods Frameworks */,
			);
			buildRules = (
			);
			dependencies = (
			);
			name = HelpAssistant;
			productName = HelpAssistant;
			productReference = EB434D7F222034750002153F /* HelpAssistant.app */;
			productType = "com.apple.product-type.application";
		};
		EB434D92222034760002153F /* HelpAssistantTests */ = {
			isa = PBXNativeTarget;
			buildConfigurationList = EB434DAA222034760002153F /* Build configuration list for PBXNativeTarget "HelpAssistantTests" */;
			buildPhases = (
				9E49CFCE568F8ACF0CC71934 /* [CP] Check Pods Manifest.lock */,
				EB434D8F222034760002153F /* Sources */,
				EB434D90222034760002153F /* Frameworks */,
				EB434D91222034760002153F /* Resources */,
			);
			buildRules = (
			);
			dependencies = (
				EB434D95222034760002153F /* PBXTargetDependency */,
			);
			name = HelpAssistantTests;
			productName = HelpAssistantTests;
			productReference = EB434D93222034760002153F /* HelpAssistantTests.xctest */;
			productType = "com.apple.product-type.bundle.unit-test";
		};
		EB434D9D222034760002153F /* HelpAssistantUITests */ = {
			isa = PBXNativeTarget;
			buildConfigurationList = EB434DAD222034760002153F /* Build configuration list for PBXNativeTarget "HelpAssistantUITests" */;
			buildPhases = (
				13617FEA739B441DDD2581FF /* [CP] Check Pods Manifest.lock */,
				EB434D9A222034760002153F /* Sources */,
				EB434D9B222034760002153F /* Frameworks */,
				EB434D9C222034760002153F /* Resources */,
			);
			buildRules = (
			);
			dependencies = (
				EB434DA0222034760002153F /* PBXTargetDependency */,
			);
			name = HelpAssistantUITests;
			productName = HelpAssistantUITests;
			productReference = EB434D9E222034760002153F /* HelpAssistantUITests.xctest */;
			productType = "com.apple.product-type.bundle.ui-testing";
		};
/* End PBXNativeTarget section */

/* Begin PBXProject section */
		EB434D77222034750002153F /* Project object */ = {
			isa = PBXProject;
			attributes = {
				LastSwiftUpdateCheck = 1010;
				LastUpgradeCheck = 1010;
				ORGANIZATIONNAME = "Matilda Dahlberg";
				TargetAttributes = {
					EB434D7E222034750002153F = {
						CreatedOnToolsVersion = 10.1;
					};
					EB434D92222034760002153F = {
						CreatedOnToolsVersion = 10.1;
						TestTargetID = EB434D7E222034750002153F;
					};
					EB434D9D222034760002153F = {
						CreatedOnToolsVersion = 10.1;
						TestTargetID = EB434D7E222034750002153F;
					};
				};
			};
			buildConfigurationList = EB434D7A222034750002153F /* Build configuration list for PBXProject "HelpAssistant" */;
			compatibilityVersion = "Xcode 9.3";
			developmentRegion = en;
			hasScannedForEncodings = 0;
			knownRegions = (
				en,
				Base,
			);
			mainGroup = EB434D76222034750002153F;
			productRefGroup = EB434D80222034750002153F /* Products */;
			projectDirPath = "";
			projectRoot = "";
			targets = (
				EB434D7E222034750002153F /* HelpAssistant */,
				EB434D92222034760002153F /* HelpAssistantTests */,
				EB434D9D222034760002153F /* HelpAssistantUITests */,
			);
		};
/* End PBXProject section */

/* Begin PBXResourcesBuildPhase section */
		EB434D7D222034750002153F /* Resources */ = {
			isa = PBXResourcesBuildPhase;
			buildActionMask = 2147483647;
			files = (
				EB434D8D222034760002153F /* LaunchScreen.storyboard in Resources */,
				EB434D8A222034760002153F /* Assets.xcassets in Resources */,
				EB434D88222034750002153F /* Main.storyboard in Resources */,
			);
			runOnlyForDeploymentPostprocessing = 0;
		};
		EB434D91222034760002153F /* Resources */ = {
			isa = PBXResourcesBuildPhase;
			buildActionMask = 2147483647;
			files = (
			);
			runOnlyForDeploymentPostprocessing = 0;
		};
		EB434D9C222034760002153F /* Resources */ = {
			isa = PBXResourcesBuildPhase;
			buildActionMask = 2147483647;
			files = (
			);
			runOnlyForDeploymentPostprocessing = 0;
		};
/* End PBXResourcesBuildPhase section */

/* Begin PBXShellScriptBuildPhase section */
		13617FEA739B441DDD2581FF /* [CP] Check Pods Manifest.lock */ = {
			isa = PBXShellScriptBuildPhase;
			buildActionMask = 2147483647;
			files = (
			);
			inputFileListPaths = (
			);
			inputPaths = (
				"${PODS_PODFILE_DIR_PATH}/Podfile.lock",
				"${PODS_ROOT}/Manifest.lock",
			);
			name = "[CP] Check Pods Manifest.lock";
			outputFileListPaths = (
			);
			outputPaths = (
				"$(DERIVED_FILE_DIR)/Pods-HelpAssistantUITests-checkManifestLockResult.txt",
			);
			runOnlyForDeploymentPostprocessing = 0;
			shellPath = /bin/sh;
			shellScript = "diff \"${PODS_PODFILE_DIR_PATH}/Podfile.lock\" \"${PODS_ROOT}/Manifest.lock\" > /dev/null\nif [ $? != 0 ] ; then\n    # print error to STDERR\n    echo \"error: The sandbox is not in sync with the Podfile.lock. Run 'pod install' or update your CocoaPods installation.\" >&2\n    exit 1\nfi\n# This output is used by Xcode 'outputs' to avoid re-running this script phase.\necho \"SUCCESS\" > \"${SCRIPT_OUTPUT_FILE_0}\"\n";
			showEnvVarsInLog = 0;
		};
		37BA5A79F4898E5C301DECCE /* [CP] Embed Pods Frameworks */ = {
			isa = PBXShellScriptBuildPhase;
			buildActionMask = 2147483647;
			files = (
			);
			inputFileListPaths = (
			);
			inputPaths = (
				"${PODS_ROOT}/Target Support Files/Pods-HelpAssistant/Pods-HelpAssistant-frameworks.sh",
				"${BUILT_PRODUCTS_DIR}/SwiftyWave/SwiftyWave.framework",
			);
			name = "[CP] Embed Pods Frameworks";
			outputFileListPaths = (
			);
			outputPaths = (
				"${TARGET_BUILD_DIR}/${FRAMEWORKS_FOLDER_PATH}/SwiftyWave.framework",
			);
			runOnlyForDeploymentPostprocessing = 0;
			shellPath = /bin/sh;
			shellScript = "\"${PODS_ROOT}/Target Support Files/Pods-HelpAssistant/Pods-HelpAssistant-frameworks.sh\"\n";
			showEnvVarsInLog = 0;
		};
		9E49CFCE568F8ACF0CC71934 /* [CP] Check Pods Manifest.lock */ = {
			isa = PBXShellScriptBuildPhase;
			buildActionMask = 2147483647;
			files = (
			);
			inputFileListPaths = (
			);
			inputPaths = (
				"${PODS_PODFILE_DIR_PATH}/Podfile.lock",
				"${PODS_ROOT}/Manifest.lock",
			);
			name = "[CP] Check Pods Manifest.lock";
			outputFileListPaths = (
			);
			outputPaths = (
				"$(DERIVED_FILE_DIR)/Pods-HelpAssistantTests-checkManifestLockResult.txt",
			);
			runOnlyForDeploymentPostprocessing = 0;
			shellPath = /bin/sh;
			shellScript = "diff \"${PODS_PODFILE_DIR_PATH}/Podfile.lock\" \"${PODS_ROOT}/Manifest.lock\" > /dev/null\nif [ $? != 0 ] ; then\n    # print error to STDERR\n    echo \"error: The sandbox is not in sync with the Podfile.lock. Run 'pod install' or update your CocoaPods installation.\" >&2\n    exit 1\nfi\n# This output is used by Xcode 'outputs' to avoid re-running this script phase.\necho \"SUCCESS\" > \"${SCRIPT_OUTPUT_FILE_0}\"\n";
			showEnvVarsInLog = 0;
		};
		B7F3FC23E1C38236684258D9 /* [CP] Check Pods Manifest.lock */ = {
			isa = PBXShellScriptBuildPhase;
			buildActionMask = 2147483647;
			files = (
			);
			inputFileListPaths = (
			);
			inputPaths = (
				"${PODS_PODFILE_DIR_PATH}/Podfile.lock",
				"${PODS_ROOT}/Manifest.lock",
			);
			name = "[CP] Check Pods Manifest.lock";
			outputFileListPaths = (
			);
			outputPaths = (
				"$(DERIVED_FILE_DIR)/Pods-HelpAssistant-checkManifestLockResult.txt",
			);
			runOnlyForDeploymentPostprocessing = 0;
			shellPath = /bin/sh;
			shellScript = "diff \"${PODS_PODFILE_DIR_PATH}/Podfile.lock\" \"${PODS_ROOT}/Manifest.lock\" > /dev/null\nif [ $? != 0 ] ; then\n    # print error to STDERR\n    echo \"error: The sandbox is not in sync with the Podfile.lock. Run 'pod install' or update your CocoaPods installation.\" >&2\n    exit 1\nfi\n# This output is used by Xcode 'outputs' to avoid re-running this script phase.\necho \"SUCCESS\" > \"${SCRIPT_OUTPUT_FILE_0}\"\n";
			showEnvVarsInLog = 0;
		};
/* End PBXShellScriptBuildPhase section */

/* Begin PBXSourcesBuildPhase section */
		EB434D7B222034750002153F /* Sources */ = {
			isa = PBXSourcesBuildPhase;
			buildActionMask = 2147483647;
			files = (
				EB270CAD2226AF270084169A /* StartViewController.swift in Sources */,
				7B71C2D622252BF500F96B76 /* InstructionModel.swift in Sources */,
				EB270C66222044DE0084169A /* TalkViewController.swift in Sources */,
				EB434D83222034750002153F /* AppDelegate.swift in Sources */,
				7B71C2D822252E8F00F96B76 /* InstructionsBank.swift in Sources */,
			);
			runOnlyForDeploymentPostprocessing = 0;
		};
		EB434D8F222034760002153F /* Sources */ = {
			isa = PBXSourcesBuildPhase;
			buildActionMask = 2147483647;
			files = (
				EB434D98222034760002153F /* HelpAssistantTests.swift in Sources */,
			);
			runOnlyForDeploymentPostprocessing = 0;
		};
		EB434D9A222034760002153F /* Sources */ = {
			isa = PBXSourcesBuildPhase;
			buildActionMask = 2147483647;
			files = (
				EB434DA3222034760002153F /* HelpAssistantUITests.swift in Sources */,
			);
			runOnlyForDeploymentPostprocessing = 0;
		};
/* End PBXSourcesBuildPhase section */

/* Begin PBXTargetDependency section */
		EB434D95222034760002153F /* PBXTargetDependency */ = {
			isa = PBXTargetDependency;
			target = EB434D7E222034750002153F /* HelpAssistant */;
			targetProxy = EB434D94222034760002153F /* PBXContainerItemProxy */;
		};
		EB434DA0222034760002153F /* PBXTargetDependency */ = {
			isa = PBXTargetDependency;
			target = EB434D7E222034750002153F /* HelpAssistant */;
			targetProxy = EB434D9F222034760002153F /* PBXContainerItemProxy */;
		};
/* End PBXTargetDependency section */

/* Begin PBXVariantGroup section */
		EB434D86222034750002153F /* Main.storyboard */ = {
			isa = PBXVariantGroup;
			children = (
				EB434D87222034750002153F /* Base */,
			);
			name = Main.storyboard;
			sourceTree = "<group>";
		};
		EB434D8B222034760002153F /* LaunchScreen.storyboard */ = {
			isa = PBXVariantGroup;
			children = (
				EB434D8C222034760002153F /* Base */,
			);
			name = LaunchScreen.storyboard;
			sourceTree = "<group>";
		};
/* End PBXVariantGroup section */

/* Begin XCBuildConfiguration section */
		EB434DA5222034760002153F /* Debug */ = {
			isa = XCBuildConfiguration;
			buildSettings = {
				ALWAYS_SEARCH_USER_PATHS = NO;
				CLANG_ANALYZER_NONNULL = YES;
				CLANG_ANALYZER_NUMBER_OBJECT_CONVERSION = YES_AGGRESSIVE;
				CLANG_CXX_LANGUAGE_STANDARD = "gnu++14";
				CLANG_CXX_LIBRARY = "libc++";
				CLANG_ENABLE_MODULES = YES;
				CLANG_ENABLE_OBJC_ARC = YES;
				CLANG_ENABLE_OBJC_WEAK = YES;
				CLANG_WARN_BLOCK_CAPTURE_AUTORELEASING = YES;
				CLANG_WARN_BOOL_CONVERSION = YES;
				CLANG_WARN_COMMA = YES;
				CLANG_WARN_CONSTANT_CONVERSION = YES;
				CLANG_WARN_DEPRECATED_OBJC_IMPLEMENTATIONS = YES;
				CLANG_WARN_DIRECT_OBJC_ISA_USAGE = YES_ERROR;
				CLANG_WARN_DOCUMENTATION_COMMENTS = YES;
				CLANG_WARN_EMPTY_BODY = YES;
				CLANG_WARN_ENUM_CONVERSION = YES;
				CLANG_WARN_INFINITE_RECURSION = YES;
				CLANG_WARN_INT_CONVERSION = YES;
				CLANG_WARN_NON_LITERAL_NULL_CONVERSION = YES;
				CLANG_WARN_OBJC_IMPLICIT_RETAIN_SELF = YES;
				CLANG_WARN_OBJC_LITERAL_CONVERSION = YES;
				CLANG_WARN_OBJC_ROOT_CLASS = YES_ERROR;
				CLANG_WARN_RANGE_LOOP_ANALYSIS = YES;
				CLANG_WARN_STRICT_PROTOTYPES = YES;
				CLANG_WARN_SUSPICIOUS_MOVE = YES;
				CLANG_WARN_UNGUARDED_AVAILABILITY = YES_AGGRESSIVE;
				CLANG_WARN_UNREACHABLE_CODE = YES;
				CLANG_WARN__DUPLICATE_METHOD_MATCH = YES;
				CODE_SIGN_IDENTITY = "iPhone Developer";
				COPY_PHASE_STRIP = NO;
				DEBUG_INFORMATION_FORMAT = dwarf;
				ENABLE_STRICT_OBJC_MSGSEND = YES;
				ENABLE_TESTABILITY = YES;
				GCC_C_LANGUAGE_STANDARD = gnu11;
				GCC_DYNAMIC_NO_PIC = NO;
				GCC_NO_COMMON_BLOCKS = YES;
				GCC_OPTIMIZATION_LEVEL = 0;
				GCC_PREPROCESSOR_DEFINITIONS = (
					"DEBUG=1",
					"$(inherited)",
				);
				GCC_WARN_64_TO_32_BIT_CONVERSION = YES;
				GCC_WARN_ABOUT_RETURN_TYPE = YES_ERROR;
				GCC_WARN_UNDECLARED_SELECTOR = YES;
				GCC_WARN_UNINITIALIZED_AUTOS = YES_AGGRESSIVE;
				GCC_WARN_UNUSED_FUNCTION = YES;
				GCC_WARN_UNUSED_VARIABLE = YES;
				IPHONEOS_DEPLOYMENT_TARGET = 12.1;
				MTL_ENABLE_DEBUG_INFO = INCLUDE_SOURCE;
				MTL_FAST_MATH = YES;
				ONLY_ACTIVE_ARCH = YES;
				SDKROOT = iphoneos;
				SWIFT_ACTIVE_COMPILATION_CONDITIONS = DEBUG;
				SWIFT_OPTIMIZATION_LEVEL = "-Onone";
			};
			name = Debug;
		};
		EB434DA6222034760002153F /* Release */ = {
			isa = XCBuildConfiguration;
			buildSettings = {
				ALWAYS_SEARCH_USER_PATHS = NO;
				CLANG_ANALYZER_NONNULL = YES;
				CLANG_ANALYZER_NUMBER_OBJECT_CONVERSION = YES_AGGRESSIVE;
				CLANG_CXX_LANGUAGE_STANDARD = "gnu++14";
				CLANG_CXX_LIBRARY = "libc++";
				CLANG_ENABLE_MODULES = YES;
				CLANG_ENABLE_OBJC_ARC = YES;
				CLANG_ENABLE_OBJC_WEAK = YES;
				CLANG_WARN_BLOCK_CAPTURE_AUTORELEASING = YES;
				CLANG_WARN_BOOL_CONVERSION = YES;
				CLANG_WARN_COMMA = YES;
				CLANG_WARN_CONSTANT_CONVERSION = YES;
				CLANG_WARN_DEPRECATED_OBJC_IMPLEMENTATIONS = YES;
				CLANG_WARN_DIRECT_OBJC_ISA_USAGE = YES_ERROR;
				CLANG_WARN_DOCUMENTATION_COMMENTS = YES;
				CLANG_WARN_EMPTY_BODY = YES;
				CLANG_WARN_ENUM_CONVERSION = YES;
				CLANG_WARN_INFINITE_RECURSION = YES;
				CLANG_WARN_INT_CONVERSION = YES;
				CLANG_WARN_NON_LITERAL_NULL_CONVERSION = YES;
				CLANG_WARN_OBJC_IMPLICIT_RETAIN_SELF = YES;
				CLANG_WARN_OBJC_LITERAL_CONVERSION = YES;
				CLANG_WARN_OBJC_ROOT_CLASS = YES_ERROR;
				CLANG_WARN_RANGE_LOOP_ANALYSIS = YES;
				CLANG_WARN_STRICT_PROTOTYPES = YES;
				CLANG_WARN_SUSPICIOUS_MOVE = YES;
				CLANG_WARN_UNGUARDED_AVAILABILITY = YES_AGGRESSIVE;
				CLANG_WARN_UNREACHABLE_CODE = YES;
				CLANG_WARN__DUPLICATE_METHOD_MATCH = YES;
				CODE_SIGN_IDENTITY = "iPhone Developer";
				COPY_PHASE_STRIP = NO;
				DEBUG_INFORMATION_FORMAT = "dwarf-with-dsym";
				ENABLE_NS_ASSERTIONS = NO;
				ENABLE_STRICT_OBJC_MSGSEND = YES;
				GCC_C_LANGUAGE_STANDARD = gnu11;
				GCC_NO_COMMON_BLOCKS = YES;
				GCC_WARN_64_TO_32_BIT_CONVERSION = YES;
				GCC_WARN_ABOUT_RETURN_TYPE = YES_ERROR;
				GCC_WARN_UNDECLARED_SELECTOR = YES;
				GCC_WARN_UNINITIALIZED_AUTOS = YES_AGGRESSIVE;
				GCC_WARN_UNUSED_FUNCTION = YES;
				GCC_WARN_UNUSED_VARIABLE = YES;
				IPHONEOS_DEPLOYMENT_TARGET = 12.1;
				MTL_ENABLE_DEBUG_INFO = NO;
				MTL_FAST_MATH = YES;
				SDKROOT = iphoneos;
				SWIFT_COMPILATION_MODE = wholemodule;
				SWIFT_OPTIMIZATION_LEVEL = "-O";
				VALIDATE_PRODUCT = YES;
			};
			name = Release;
		};
		EB434DA8222034760002153F /* Debug */ = {
			isa = XCBuildConfiguration;
			baseConfigurationReference = 00EAEB57D00C9A376AAAF657 /* Pods-HelpAssistant.debug.xcconfig */;
			buildSettings = {
				ASSETCATALOG_COMPILER_APPICON_NAME = AppIcon;
				CODE_SIGN_STYLE = Automatic;
				DEVELOPMENT_TEAM = GA9P9633N5;
				INFOPLIST_FILE = HelpAssistant/Info.plist;
				LD_RUNPATH_SEARCH_PATHS = (
					"$(inherited)",
					"@executable_path/Frameworks",
				);
				PRODUCT_BUNDLE_IDENTIFIER = com.dahlberg.HelpAssistant;
				PRODUCT_NAME = "$(TARGET_NAME)";
				SWIFT_VERSION = 4.2;
				TARGETED_DEVICE_FAMILY = "1,2";
			};
			name = Debug;
		};
		EB434DA9222034760002153F /* Release */ = {
			isa = XCBuildConfiguration;
			baseConfigurationReference = 759B1B95709E6895A7D343D3 /* Pods-HelpAssistant.release.xcconfig */;
			buildSettings = {
				ASSETCATALOG_COMPILER_APPICON_NAME = AppIcon;
				CODE_SIGN_STYLE = Automatic;
				DEVELOPMENT_TEAM = GA9P9633N5;
				INFOPLIST_FILE = HelpAssistant/Info.plist;
				LD_RUNPATH_SEARCH_PATHS = (
					"$(inherited)",
					"@executable_path/Frameworks",
				);
				PRODUCT_BUNDLE_IDENTIFIER = com.dahlberg.HelpAssistant;
				PRODUCT_NAME = "$(TARGET_NAME)";
				SWIFT_VERSION = 4.2;
				TARGETED_DEVICE_FAMILY = "1,2";
			};
			name = Release;
		};
		EB434DAB222034760002153F /* Debug */ = {
			isa = XCBuildConfiguration;
			baseConfigurationReference = 11C33DA4D7B0B260CBA97DAE /* Pods-HelpAssistantTests.debug.xcconfig */;
			buildSettings = {
				ALWAYS_EMBED_SWIFT_STANDARD_LIBRARIES = YES;
				BUNDLE_LOADER = "$(TEST_HOST)";
				CODE_SIGN_STYLE = Automatic;
				DEVELOPMENT_TEAM = GA9P9633N5;
				INFOPLIST_FILE = HelpAssistantTests/Info.plist;
				LD_RUNPATH_SEARCH_PATHS = (
					"$(inherited)",
					"@executable_path/Frameworks",
					"@loader_path/Frameworks",
				);
				PRODUCT_BUNDLE_IDENTIFIER = com.dahlberg.HelpAssistantTests;
				PRODUCT_NAME = "$(TARGET_NAME)";
				SWIFT_VERSION = 4.2;
				TARGETED_DEVICE_FAMILY = "1,2";
				TEST_HOST = "$(BUILT_PRODUCTS_DIR)/HelpAssistant.app/HelpAssistant";
			};
			name = Debug;
		};
		EB434DAC222034760002153F /* Release */ = {
			isa = XCBuildConfiguration;
			baseConfigurationReference = F60F1430EDF3CC54B04F006C /* Pods-HelpAssistantTests.release.xcconfig */;
			buildSettings = {
				ALWAYS_EMBED_SWIFT_STANDARD_LIBRARIES = YES;
				BUNDLE_LOADER = "$(TEST_HOST)";
				CODE_SIGN_STYLE = Automatic;
				DEVELOPMENT_TEAM = GA9P9633N5;
				INFOPLIST_FILE = HelpAssistantTests/Info.plist;
				LD_RUNPATH_SEARCH_PATHS = (
					"$(inherited)",
					"@executable_path/Frameworks",
					"@loader_path/Frameworks",
				);
				PRODUCT_BUNDLE_IDENTIFIER = com.dahlberg.HelpAssistantTests;
				PRODUCT_NAME = "$(TARGET_NAME)";
				SWIFT_VERSION = 4.2;
				TARGETED_DEVICE_FAMILY = "1,2";
				TEST_HOST = "$(BUILT_PRODUCTS_DIR)/HelpAssistant.app/HelpAssistant";
			};
			name = Release;
		};
		EB434DAE222034760002153F /* Debug */ = {
			isa = XCBuildConfiguration;
			baseConfigurationReference = E4E8C1D45564F9A953AA924B /* Pods-HelpAssistantUITests.debug.xcconfig */;
			buildSettings = {
				ALWAYS_EMBED_SWIFT_STANDARD_LIBRARIES = YES;
				CODE_SIGN_STYLE = Automatic;
				DEVELOPMENT_TEAM = GA9P9633N5;
				INFOPLIST_FILE = HelpAssistantUITests/Info.plist;
				LD_RUNPATH_SEARCH_PATHS = (
					"$(inherited)",
					"@executable_path/Frameworks",
					"@loader_path/Frameworks",
				);
				PRODUCT_BUNDLE_IDENTIFIER = com.dahlberg.HelpAssistantUITests;
				PRODUCT_NAME = "$(TARGET_NAME)";
				SWIFT_VERSION = 4.2;
				TARGETED_DEVICE_FAMILY = "1,2";
				TEST_TARGET_NAME = HelpAssistant;
			};
			name = Debug;
		};
		EB434DAF222034760002153F /* Release */ = {
			isa = XCBuildConfiguration;
			baseConfigurationReference = 86DE0AB4FBB3BD513040453B /* Pods-HelpAssistantUITests.release.xcconfig */;
			buildSettings = {
				ALWAYS_EMBED_SWIFT_STANDARD_LIBRARIES = YES;
				CODE_SIGN_STYLE = Automatic;
				DEVELOPMENT_TEAM = GA9P9633N5;
				INFOPLIST_FILE = HelpAssistantUITests/Info.plist;
				LD_RUNPATH_SEARCH_PATHS = (
					"$(inherited)",
					"@executable_path/Frameworks",
					"@loader_path/Frameworks",
				);
				PRODUCT_BUNDLE_IDENTIFIER = com.dahlberg.HelpAssistantUITests;
				PRODUCT_NAME = "$(TARGET_NAME)";
				SWIFT_VERSION = 4.2;
				TARGETED_DEVICE_FAMILY = "1,2";
				TEST_TARGET_NAME = HelpAssistant;
			};
			name = Release;
		};
/* End XCBuildConfiguration section */

/* Begin XCConfigurationList section */
		EB434D7A222034750002153F /* Build configuration list for PBXProject "HelpAssistant" */ = {
			isa = XCConfigurationList;
			buildConfigurations = (
				EB434DA5222034760002153F /* Debug */,
				EB434DA6222034760002153F /* Release */,
			);
			defaultConfigurationIsVisible = 0;
			defaultConfigurationName = Release;
		};
		EB434DA7222034760002153F /* Build configuration list for PBXNativeTarget "HelpAssistant" */ = {
			isa = XCConfigurationList;
			buildConfigurations = (
				EB434DA8222034760002153F /* Debug */,
				EB434DA9222034760002153F /* Release */,
			);
			defaultConfigurationIsVisible = 0;
			defaultConfigurationName = Release;
		};
		EB434DAA222034760002153F /* Build configuration list for PBXNativeTarget "HelpAssistantTests" */ = {
			isa = XCConfigurationList;
			buildConfigurations = (
				EB434DAB222034760002153F /* Debug */,
				EB434DAC222034760002153F /* Release */,
			);
			defaultConfigurationIsVisible = 0;
			defaultConfigurationName = Release;
		};
		EB434DAD222034760002153F /* Build configuration list for PBXNativeTarget "HelpAssistantUITests" */ = {
			isa = XCConfigurationList;
			buildConfigurations = (
				EB434DAE222034760002153F /* Debug */,
				EB434DAF222034760002153F /* Release */,
			);
			defaultConfigurationIsVisible = 0;
			defaultConfigurationName = Release;
		};
/* End XCConfigurationList section */
	};
	rootObject = EB434D77222034750002153F /* Project object */;
}
